// !$*UTF8*$!
{
	archiveVersion = 1;
	classes = {
	};
	objectVersion = 46;
	objects = {

/* Begin PBXBuildFile section */
		5420E7E913ACDB8D00B67BDE /* userSettingsController.m in Sources */ = {isa = PBXBuildFile; fileRef = 5420E7E713ACDB8D00B67BDE /* userSettingsController.m */; };
		5420E7EA13ACDB8D00B67BDE /* userSettings.xib in Resources */ = {isa = PBXBuildFile; fileRef = 5420E7E813ACDB8D00B67BDE /* userSettings.xib */; };
		5420E7EC13ACEEB700B67BDE /* iAd.framework in Frameworks */ = {isa = PBXBuildFile; fileRef = 5420E7EB13ACEEB700B67BDE /* iAd.framework */; };
		5438FCBE13ACD75800429111 /* UtTestController.m in Sources */ = {isa = PBXBuildFile; fileRef = 5438FCBC13ACD75800429111 /* UtTestController.m */; };
		5438FCBF13ACD75800429111 /* UtTest.xib in Resources */ = {isa = PBXBuildFile; fileRef = 5438FCBD13ACD75800429111 /* UtTest.xib */; };
		545AC17F13A911AE00E7AAA8 /* CJSONDeserializer.m in Sources */ = {isa = PBXBuildFile; fileRef = 545AC17913A911AE00E7AAA8 /* CJSONDeserializer.m */; };
		545AC18013A911AE00E7AAA8 /* CJSONScanner.m in Sources */ = {isa = PBXBuildFile; fileRef = 545AC17B13A911AE00E7AAA8 /* CJSONScanner.m */; };
		545AC18113A911AE00E7AAA8 /* CJSONSerializer.m in Sources */ = {isa = PBXBuildFile; fileRef = 545AC17D13A911AE00E7AAA8 /* CJSONSerializer.m */; };
		545AC18513A9127E00E7AAA8 /* CDataScanner.m in Sources */ = {isa = PBXBuildFile; fileRef = 545AC18413A9127E00E7AAA8 /* CDataScanner.m */; };
		545AC18B13A9128C00E7AAA8 /* CDataScanner_Extensions.m in Sources */ = {isa = PBXBuildFile; fileRef = 545AC18813A9128C00E7AAA8 /* CDataScanner_Extensions.m */; };
		545AC18C13A9128C00E7AAA8 /* NSDictionary_JSONExtensions.m in Sources */ = {isa = PBXBuildFile; fileRef = 545AC18A13A9128C00E7AAA8 /* NSDictionary_JSONExtensions.m */; };
		5497E0E013B06A0000A4CA2C /* logo-BIG.png in Resources */ = {isa = PBXBuildFile; fileRef = 5497E0DF13B06A0000A4CA2C /* logo-BIG.png */; };
		54C6755E13B3835000AF0BB4 /* ASIDataCompressor.m in Sources */ = {isa = PBXBuildFile; fileRef = 54C6755913B3835000AF0BB4 /* ASIDataCompressor.m */; };
		54C6755F13B3835000AF0BB4 /* ASIDataDecompressor.m in Sources */ = {isa = PBXBuildFile; fileRef = 54C6755B13B3835000AF0BB4 /* ASIDataDecompressor.m */; };
		54C6756013B3835000AF0BB4 /* ASIDownloadCache.m in Sources */ = {isa = PBXBuildFile; fileRef = 54C6755D13B3835000AF0BB4 /* ASIDownloadCache.m */; };
		54F2328113B046E4005B07B9 /* logo-SMALL.png in Resources */ = {isa = PBXBuildFile; fileRef = 54F2328013B046E4005B07B9 /* logo-SMALL.png */; };
		54F6B0DA13A8E96C001F9F0B /* UIKit.framework in Frameworks */ = {isa = PBXBuildFile; fileRef = 54F6B0D913A8E96C001F9F0B /* UIKit.framework */; };
		54F6B0DC13A8E96C001F9F0B /* Foundation.framework in Frameworks */ = {isa = PBXBuildFile; fileRef = 54F6B0DB13A8E96C001F9F0B /* Foundation.framework */; };
		54F6B0DE13A8E96C001F9F0B /* CoreGraphics.framework in Frameworks */ = {isa = PBXBuildFile; fileRef = 54F6B0DD13A8E96C001F9F0B /* CoreGraphics.framework */; };
		54F6B0E413A8E96C001F9F0B /* InfoPlist.strings in Resources */ = {isa = PBXBuildFile; fileRef = 54F6B0E213A8E96C001F9F0B /* InfoPlist.strings */; };
		54F6B0E713A8E96C001F9F0B /* main.m in Sources */ = {isa = PBXBuildFile; fileRef = 54F6B0E613A8E96C001F9F0B /* main.m */; };
		54F6B0EA13A8E96D001F9F0B /* LeoAppAppDelegate.m in Sources */ = {isa = PBXBuildFile; fileRef = 54F6B0E913A8E96D001F9F0B /* LeoAppAppDelegate.m */; };
		54F6B0ED13A8E96D001F9F0B /* MainWindow.xib in Resources */ = {isa = PBXBuildFile; fileRef = 54F6B0EB13A8E96D001F9F0B /* MainWindow.xib */; };
		54F6B0F013A8E96D001F9F0B /* DailyGradeController.m in Sources */ = {isa = PBXBuildFile; fileRef = 54F6B0EF13A8E96D001F9F0B /* DailyGradeController.m */; };
		54F6B0F313A8E96D001F9F0B /* DailyGrade.xib in Resources */ = {isa = PBXBuildFile; fileRef = 54F6B0F113A8E96D001F9F0B /* DailyGrade.xib */; };
		54F6B0FA13A8E96D001F9F0B /* UIKit.framework in Frameworks */ = {isa = PBXBuildFile; fileRef = 54F6B0D913A8E96C001F9F0B /* UIKit.framework */; };
		54F6B0FB13A8E96D001F9F0B /* Foundation.framework in Frameworks */ = {isa = PBXBuildFile; fileRef = 54F6B0DB13A8E96C001F9F0B /* Foundation.framework */; };
		54F6B0FC13A8E96D001F9F0B /* CoreGraphics.framework in Frameworks */ = {isa = PBXBuildFile; fileRef = 54F6B0DD13A8E96C001F9F0B /* CoreGraphics.framework */; };
		54F6B10413A8E96D001F9F0B /* InfoPlist.strings in Resources */ = {isa = PBXBuildFile; fileRef = 54F6B10213A8E96D001F9F0B /* InfoPlist.strings */; };
		54F6B10713A8E96D001F9F0B /* LeoAppTests.h in Resources */ = {isa = PBXBuildFile; fileRef = 54F6B10613A8E96D001F9F0B /* LeoAppTests.h */; };
		54F6B10913A8E96D001F9F0B /* LeoAppTests.m in Sources */ = {isa = PBXBuildFile; fileRef = 54F6B10813A8E96D001F9F0B /* LeoAppTests.m */; };
		54F6B13B13A8F40C001F9F0B /* ASIAuthenticationDialog.m in Sources */ = {isa = PBXBuildFile; fileRef = 54F6B12813A8F40C001F9F0B /* ASIAuthenticationDialog.m */; };
		54F6B13F13A8F40C001F9F0B /* ASIFormDataRequest.m in Sources */ = {isa = PBXBuildFile; fileRef = 54F6B13113A8F40C001F9F0B /* ASIFormDataRequest.m */; };
		54F6B14013A8F40C001F9F0B /* ASIHTTPRequest.m in Sources */ = {isa = PBXBuildFile; fileRef = 54F6B13313A8F40C001F9F0B /* ASIHTTPRequest.m */; };
		54F6B14113A8F40C001F9F0B /* ASIInputStream.m in Sources */ = {isa = PBXBuildFile; fileRef = 54F6B13713A8F40C001F9F0B /* ASIInputStream.m */; };
		54F6B14213A8F40C001F9F0B /* ASINetworkQueue.m in Sources */ = {isa = PBXBuildFile; fileRef = 54F6B13913A8F40C001F9F0B /* ASINetworkQueue.m */; };
		54F6B14913A8F49D001F9F0B /* README-GHUnit in Resources */ = {isa = PBXBuildFile; fileRef = 54F6B14513A8F49D001F9F0B /* README-GHUnit */; };
		54F6B14A13A8F49D001F9F0B /* Reachability.m in Sources */ = {isa = PBXBuildFile; fileRef = 54F6B14813A8F49D001F9F0B /* Reachability.m */; };
		54F6B14C13A8FB47001F9F0B /* CFNetwork.framework in Frameworks */ = {isa = PBXBuildFile; fileRef = 54F6B14B13A8FB47001F9F0B /* CFNetwork.framework */; settings = {ATTRIBUTES = (Required, ); }; };
		54F6B14E13A8FB67001F9F0B /* SystemConfiguration.framework in Frameworks */ = {isa = PBXBuildFile; fileRef = 54F6B14D13A8FB66001F9F0B /* SystemConfiguration.framework */; };
		54F6B15013A8FB8E001F9F0B /* libz.1.2.3.dylib in Frameworks */ = {isa = PBXBuildFile; fileRef = 54F6B14F13A8FB8E001F9F0B /* libz.1.2.3.dylib */; };
		54F6B15213A8FF5B001F9F0B /* MobileCoreServices.framework in Frameworks */ = {isa = PBXBuildFile; fileRef = 54F6B15113A8FF5B001F9F0B /* MobileCoreServices.framework */; };
/* End PBXBuildFile section */

/* Begin PBXContainerItemProxy section */
		54F6B0FD13A8E96D001F9F0B /* PBXContainerItemProxy */ = {
			isa = PBXContainerItemProxy;
			containerPortal = 54F6B0CC13A8E96C001F9F0B /* Project object */;
			proxyType = 1;
			remoteGlobalIDString = 54F6B0D413A8E96C001F9F0B;
			remoteInfo = LeoApp;
		};
/* End PBXContainerItemProxy section */

/* Begin PBXFileReference section */
		5420E7E613ACDB8C00B67BDE /* userSettingsController.h */ = {isa = PBXFileReference; fileEncoding = 4; lastKnownFileType = sourcecode.c.h; path = userSettingsController.h; sourceTree = "<group>"; };
		5420E7E713ACDB8D00B67BDE /* userSettingsController.m */ = {isa = PBXFileReference; fileEncoding = 4; lastKnownFileType = sourcecode.c.objc; path = userSettingsController.m; sourceTree = "<group>"; };
		5420E7E813ACDB8D00B67BDE /* userSettings.xib */ = {isa = PBXFileReference; fileEncoding = 4; lastKnownFileType = file.xib; path = userSettings.xib; sourceTree = "<group>"; };
		5420E7EB13ACEEB700B67BDE /* iAd.framework */ = {isa = PBXFileReference; lastKnownFileType = wrapper.framework; name = iAd.framework; path = System/Library/Frameworks/iAd.framework; sourceTree = SDKROOT; };
		5438FCBB13ACD75800429111 /* UtTestController.h */ = {isa = PBXFileReference; fileEncoding = 4; lastKnownFileType = sourcecode.c.h; path = UtTestController.h; sourceTree = "<group>"; };
		5438FCBC13ACD75800429111 /* UtTestController.m */ = {isa = PBXFileReference; fileEncoding = 4; lastKnownFileType = sourcecode.c.objc; path = UtTestController.m; sourceTree = "<group>"; };
		5438FCBD13ACD75800429111 /* UtTest.xib */ = {isa = PBXFileReference; fileEncoding = 4; lastKnownFileType = file.xib; path = UtTest.xib; sourceTree = "<group>"; };
		54582B0713BB321C00F5A93F /* LeoApp.app */ = {isa = PBXFileReference; explicitFileType = wrapper.application; includeInIndex = 0; path = LeoApp.app; sourceTree = BUILT_PRODUCTS_DIR; };
		545AC17813A911AE00E7AAA8 /* CJSONDeserializer.h */ = {isa = PBXFileReference; fileEncoding = 4; lastKnownFileType = sourcecode.c.h; path = CJSONDeserializer.h; sourceTree = "<group>"; };
		545AC17913A911AE00E7AAA8 /* CJSONDeserializer.m */ = {isa = PBXFileReference; fileEncoding = 4; lastKnownFileType = sourcecode.c.objc; path = CJSONDeserializer.m; sourceTree = "<group>"; };
		545AC17A13A911AE00E7AAA8 /* CJSONScanner.h */ = {isa = PBXFileReference; fileEncoding = 4; lastKnownFileType = sourcecode.c.h; path = CJSONScanner.h; sourceTree = "<group>"; };
		545AC17B13A911AE00E7AAA8 /* CJSONScanner.m */ = {isa = PBXFileReference; fileEncoding = 4; lastKnownFileType = sourcecode.c.objc; path = CJSONScanner.m; sourceTree = "<group>"; };
		545AC17C13A911AE00E7AAA8 /* CJSONSerializer.h */ = {isa = PBXFileReference; fileEncoding = 4; lastKnownFileType = sourcecode.c.h; path = CJSONSerializer.h; sourceTree = "<group>"; };
		545AC17D13A911AE00E7AAA8 /* CJSONSerializer.m */ = {isa = PBXFileReference; fileEncoding = 4; lastKnownFileType = sourcecode.c.objc; path = CJSONSerializer.m; sourceTree = "<group>"; };
		545AC17E13A911AE00E7AAA8 /* JSONRepresentation.h */ = {isa = PBXFileReference; fileEncoding = 4; lastKnownFileType = sourcecode.c.h; path = JSONRepresentation.h; sourceTree = "<group>"; };
		545AC18313A9127E00E7AAA8 /* CDataScanner.h */ = {isa = PBXFileReference; fileEncoding = 4; lastKnownFileType = sourcecode.c.h; path = CDataScanner.h; sourceTree = "<group>"; };
		545AC18413A9127E00E7AAA8 /* CDataScanner.m */ = {isa = PBXFileReference; fileEncoding = 4; lastKnownFileType = sourcecode.c.objc; path = CDataScanner.m; sourceTree = "<group>"; };
		545AC18713A9128C00E7AAA8 /* CDataScanner_Extensions.h */ = {isa = PBXFileReference; fileEncoding = 4; lastKnownFileType = sourcecode.c.h; path = CDataScanner_Extensions.h; sourceTree = "<group>"; };
		545AC18813A9128C00E7AAA8 /* CDataScanner_Extensions.m */ = {isa = PBXFileReference; fileEncoding = 4; lastKnownFileType = sourcecode.c.objc; path = CDataScanner_Extensions.m; sourceTree = "<group>"; };
		545AC18913A9128C00E7AAA8 /* NSDictionary_JSONExtensions.h */ = {isa = PBXFileReference; fileEncoding = 4; lastKnownFileType = sourcecode.c.h; path = NSDictionary_JSONExtensions.h; sourceTree = "<group>"; };
		545AC18A13A9128C00E7AAA8 /* NSDictionary_JSONExtensions.m */ = {isa = PBXFileReference; fileEncoding = 4; lastKnownFileType = sourcecode.c.objc; path = NSDictionary_JSONExtensions.m; sourceTree = "<group>"; };
		5497E0DF13B06A0000A4CA2C /* logo-BIG.png */ = {isa = PBXFileReference; lastKnownFileType = image.png; path = "logo-BIG.png"; sourceTree = "<group>"; };
		54C6755813B3834F00AF0BB4 /* ASIDataCompressor.h */ = {isa = PBXFileReference; fileEncoding = 4; lastKnownFileType = sourcecode.c.h; path = ASIDataCompressor.h; sourceTree = "<group>"; };
		54C6755913B3835000AF0BB4 /* ASIDataCompressor.m */ = {isa = PBXFileReference; fileEncoding = 4; lastKnownFileType = sourcecode.c.objc; path = ASIDataCompressor.m; sourceTree = "<group>"; };
		54C6755A13B3835000AF0BB4 /* ASIDataDecompressor.h */ = {isa = PBXFileReference; fileEncoding = 4; lastKnownFileType = sourcecode.c.h; path = ASIDataDecompressor.h; sourceTree = "<group>"; };
		54C6755B13B3835000AF0BB4 /* ASIDataDecompressor.m */ = {isa = PBXFileReference; fileEncoding = 4; lastKnownFileType = sourcecode.c.objc; path = ASIDataDecompressor.m; sourceTree = "<group>"; };
		54C6755C13B3835000AF0BB4 /* ASIDownloadCache.h */ = {isa = PBXFileReference; fileEncoding = 4; lastKnownFileType = sourcecode.c.h; path = ASIDownloadCache.h; sourceTree = "<group>"; };
		54C6755D13B3835000AF0BB4 /* ASIDownloadCache.m */ = {isa = PBXFileReference; fileEncoding = 4; lastKnownFileType = sourcecode.c.objc; path = ASIDownloadCache.m; sourceTree = "<group>"; };
		54F2328013B046E4005B07B9 /* logo-SMALL.png */ = {isa = PBXFileReference; lastKnownFileType = image.png; path = "logo-SMALL.png"; sourceTree = "<group>"; };
		54F6B0D913A8E96C001F9F0B /* UIKit.framework */ = {isa = PBXFileReference; lastKnownFileType = wrapper.framework; name = UIKit.framework; path = System/Library/Frameworks/UIKit.framework; sourceTree = SDKROOT; };
		54F6B0DB13A8E96C001F9F0B /* Foundation.framework */ = {isa = PBXFileReference; lastKnownFileType = wrapper.framework; name = Foundation.framework; path = System/Library/Frameworks/Foundation.framework; sourceTree = SDKROOT; };
		54F6B0DD13A8E96C001F9F0B /* CoreGraphics.framework */ = {isa = PBXFileReference; lastKnownFileType = wrapper.framework; name = CoreGraphics.framework; path = System/Library/Frameworks/CoreGraphics.framework; sourceTree = SDKROOT; };
		54F6B0E113A8E96C001F9F0B /* LeoApp-Info.plist */ = {isa = PBXFileReference; lastKnownFileType = text.plist.xml; path = "LeoApp-Info.plist"; sourceTree = "<group>"; };
		54F6B0E313A8E96C001F9F0B /* en */ = {isa = PBXFileReference; lastKnownFileType = text.plist.strings; name = en; path = en.lproj/InfoPlist.strings; sourceTree = "<group>"; };
		54F6B0E513A8E96C001F9F0B /* LeoApp-Prefix.pch */ = {isa = PBXFileReference; lastKnownFileType = sourcecode.c.h; path = "LeoApp-Prefix.pch"; sourceTree = "<group>"; };
		54F6B0E613A8E96C001F9F0B /* main.m */ = {isa = PBXFileReference; lastKnownFileType = sourcecode.c.objc; path = main.m; sourceTree = "<group>"; };
		54F6B0E813A8E96D001F9F0B /* LeoAppAppDelegate.h */ = {isa = PBXFileReference; lastKnownFileType = sourcecode.c.h; path = LeoAppAppDelegate.h; sourceTree = "<group>"; };
		54F6B0E913A8E96D001F9F0B /* LeoAppAppDelegate.m */ = {isa = PBXFileReference; lastKnownFileType = sourcecode.c.objc; path = LeoAppAppDelegate.m; sourceTree = "<group>"; };
		54F6B0EC13A8E96D001F9F0B /* en */ = {isa = PBXFileReference; lastKnownFileType = file.xib; name = en; path = en.lproj/MainWindow.xib; sourceTree = "<group>"; };
		54F6B0EE13A8E96D001F9F0B /* DailyGradeController.h */ = {isa = PBXFileReference; lastKnownFileType = sourcecode.c.h; path = DailyGradeController.h; sourceTree = "<group>"; };
		54F6B0EF13A8E96D001F9F0B /* DailyGradeController.m */ = {isa = PBXFileReference; lastKnownFileType = sourcecode.c.objc; path = DailyGradeController.m; sourceTree = "<group>"; };
		54F6B0F213A8E96D001F9F0B /* en */ = {isa = PBXFileReference; lastKnownFileType = file.xib; name = en; path = en.lproj/DailyGrade.xib; sourceTree = "<group>"; };
		54F6B0F913A8E96D001F9F0B /* LeoAppTests.octest */ = {isa = PBXFileReference; explicitFileType = wrapper.cfbundle; includeInIndex = 0; path = LeoAppTests.octest; sourceTree = BUILT_PRODUCTS_DIR; };
		54F6B10113A8E96D001F9F0B /* LeoAppTests-Info.plist */ = {isa = PBXFileReference; lastKnownFileType = text.plist.xml; path = "LeoAppTests-Info.plist"; sourceTree = "<group>"; };
		54F6B10313A8E96D001F9F0B /* en */ = {isa = PBXFileReference; lastKnownFileType = text.plist.strings; name = en; path = en.lproj/InfoPlist.strings; sourceTree = "<group>"; };
		54F6B10513A8E96D001F9F0B /* LeoAppTests-Prefix.pch */ = {isa = PBXFileReference; lastKnownFileType = sourcecode.c.h; path = "LeoAppTests-Prefix.pch"; sourceTree = "<group>"; };
		54F6B10613A8E96D001F9F0B /* LeoAppTests.h */ = {isa = PBXFileReference; lastKnownFileType = sourcecode.c.h; path = LeoAppTests.h; sourceTree = "<group>"; };
		54F6B10813A8E96D001F9F0B /* LeoAppTests.m */ = {isa = PBXFileReference; lastKnownFileType = sourcecode.c.objc; path = LeoAppTests.m; sourceTree = "<group>"; };
		54F6B12713A8F40C001F9F0B /* ASIAuthenticationDialog.h */ = {isa = PBXFileReference; fileEncoding = 4; lastKnownFileType = sourcecode.c.h; path = ASIAuthenticationDialog.h; sourceTree = "<group>"; };
		54F6B12813A8F40C001F9F0B /* ASIAuthenticationDialog.m */ = {isa = PBXFileReference; fileEncoding = 4; lastKnownFileType = sourcecode.c.objc; path = ASIAuthenticationDialog.m; sourceTree = "<group>"; };
		54F6B12913A8F40C001F9F0B /* ASICacheDelegate.h */ = {isa = PBXFileReference; fileEncoding = 4; lastKnownFileType = sourcecode.c.h; path = ASICacheDelegate.h; sourceTree = "<group>"; };
		54F6B13013A8F40C001F9F0B /* ASIFormDataRequest.h */ = {isa = PBXFileReference; fileEncoding = 4; lastKnownFileType = sourcecode.c.h; path = ASIFormDataRequest.h; sourceTree = "<group>"; };
		54F6B13113A8F40C001F9F0B /* ASIFormDataRequest.m */ = {isa = PBXFileReference; fileEncoding = 4; lastKnownFileType = sourcecode.c.objc; path = ASIFormDataRequest.m; sourceTree = "<group>"; };
		54F6B13213A8F40C001F9F0B /* ASIHTTPRequest.h */ = {isa = PBXFileReference; fileEncoding = 4; lastKnownFileType = sourcecode.c.h; path = ASIHTTPRequest.h; sourceTree = "<group>"; };
		54F6B13313A8F40C001F9F0B /* ASIHTTPRequest.m */ = {isa = PBXFileReference; fileEncoding = 4; lastKnownFileType = sourcecode.c.objc; path = ASIHTTPRequest.m; sourceTree = "<group>"; };
		54F6B13413A8F40C001F9F0B /* ASIHTTPRequestConfig.h */ = {isa = PBXFileReference; fileEncoding = 4; lastKnownFileType = sourcecode.c.h; path = ASIHTTPRequestConfig.h; sourceTree = "<group>"; };
		54F6B13513A8F40C001F9F0B /* ASIHTTPRequestDelegate.h */ = {isa = PBXFileReference; fileEncoding = 4; lastKnownFileType = sourcecode.c.h; path = ASIHTTPRequestDelegate.h; sourceTree = "<group>"; };
		54F6B13613A8F40C001F9F0B /* ASIInputStream.h */ = {isa = PBXFileReference; fileEncoding = 4; lastKnownFileType = sourcecode.c.h; path = ASIInputStream.h; sourceTree = "<group>"; };
		54F6B13713A8F40C001F9F0B /* ASIInputStream.m */ = {isa = PBXFileReference; fileEncoding = 4; lastKnownFileType = sourcecode.c.objc; path = ASIInputStream.m; sourceTree = "<group>"; };
		54F6B13813A8F40C001F9F0B /* ASINetworkQueue.h */ = {isa = PBXFileReference; fileEncoding = 4; lastKnownFileType = sourcecode.c.h; path = ASINetworkQueue.h; sourceTree = "<group>"; };
		54F6B13913A8F40C001F9F0B /* ASINetworkQueue.m */ = {isa = PBXFileReference; fileEncoding = 4; lastKnownFileType = sourcecode.c.objc; path = ASINetworkQueue.m; sourceTree = "<group>"; };
		54F6B13A13A8F40C001F9F0B /* ASIProgressDelegate.h */ = {isa = PBXFileReference; fileEncoding = 4; lastKnownFileType = sourcecode.c.h; path = ASIProgressDelegate.h; sourceTree = "<group>"; };
		54F6B14513A8F49D001F9F0B /* README-GHUnit */ = {isa = PBXFileReference; fileEncoding = 4; lastKnownFileType = text; path = "README-GHUnit"; sourceTree = "<group>"; };
		54F6B14713A8F49D001F9F0B /* Reachability.h */ = {isa = PBXFileReference; fileEncoding = 4; lastKnownFileType = sourcecode.c.h; path = Reachability.h; sourceTree = "<group>"; };
		54F6B14813A8F49D001F9F0B /* Reachability.m */ = {isa = PBXFileReference; fileEncoding = 4; lastKnownFileType = sourcecode.c.objc; path = Reachability.m; sourceTree = "<group>"; };
		54F6B14B13A8FB47001F9F0B /* CFNetwork.framework */ = {isa = PBXFileReference; lastKnownFileType = wrapper.framework; name = CFNetwork.framework; path = System/Library/Frameworks/CFNetwork.framework; sourceTree = SDKROOT; };
		54F6B14D13A8FB66001F9F0B /* SystemConfiguration.framework */ = {isa = PBXFileReference; lastKnownFileType = wrapper.framework; name = SystemConfiguration.framework; path = System/Library/Frameworks/SystemConfiguration.framework; sourceTree = SDKROOT; };
		54F6B14F13A8FB8E001F9F0B /* libz.1.2.3.dylib */ = {isa = PBXFileReference; lastKnownFileType = "compiled.mach-o.dylib"; name = libz.1.2.3.dylib; path = usr/lib/libz.1.2.3.dylib; sourceTree = SDKROOT; };
		54F6B15113A8FF5B001F9F0B /* MobileCoreServices.framework */ = {isa = PBXFileReference; lastKnownFileType = wrapper.framework; name = MobileCoreServices.framework; path = System/Library/Frameworks/MobileCoreServices.framework; sourceTree = SDKROOT; };
/* End PBXFileReference section */

/* Begin PBXFrameworksBuildPhase section */
		54F6B0D213A8E96C001F9F0B /* Frameworks */ = {
			isa = PBXFrameworksBuildPhase;
			buildActionMask = 2147483647;
			files = (
				5420E7EC13ACEEB700B67BDE /* iAd.framework in Frameworks */,
				54F6B15213A8FF5B001F9F0B /* MobileCoreServices.framework in Frameworks */,
				54F6B15013A8FB8E001F9F0B /* libz.1.2.3.dylib in Frameworks */,
				54F6B14E13A8FB67001F9F0B /* SystemConfiguration.framework in Frameworks */,
				54F6B14C13A8FB47001F9F0B /* CFNetwork.framework in Frameworks */,
				54F6B0DA13A8E96C001F9F0B /* UIKit.framework in Frameworks */,
				54F6B0DC13A8E96C001F9F0B /* Foundation.framework in Frameworks */,
				54F6B0DE13A8E96C001F9F0B /* CoreGraphics.framework in Frameworks */,
			);
			runOnlyForDeploymentPostprocessing = 0;
		};
		54F6B0F513A8E96D001F9F0B /* Frameworks */ = {
			isa = PBXFrameworksBuildPhase;
			buildActionMask = 2147483647;
			files = (
				54F6B0FA13A8E96D001F9F0B /* UIKit.framework in Frameworks */,
				54F6B0FB13A8E96D001F9F0B /* Foundation.framework in Frameworks */,
				54F6B0FC13A8E96D001F9F0B /* CoreGraphics.framework in Frameworks */,
			);
			runOnlyForDeploymentPostprocessing = 0;
		};
/* End PBXFrameworksBuildPhase section */

/* Begin PBXGroup section */
		545AC17713A911AE00E7AAA8 /* JSON */ = {
			isa = PBXGroup;
			children = (
				545AC17813A911AE00E7AAA8 /* CJSONDeserializer.h */,
				545AC17913A911AE00E7AAA8 /* CJSONDeserializer.m */,
				545AC17A13A911AE00E7AAA8 /* CJSONScanner.h */,
				545AC17B13A911AE00E7AAA8 /* CJSONScanner.m */,
				545AC17C13A911AE00E7AAA8 /* CJSONSerializer.h */,
				545AC17D13A911AE00E7AAA8 /* CJSONSerializer.m */,
				545AC17E13A911AE00E7AAA8 /* JSONRepresentation.h */,
			);
			path = JSON;
			sourceTree = "<group>";
		};
		545AC18613A9128C00E7AAA8 /* Extensions */ = {
			isa = PBXGroup;
			children = (
				545AC18713A9128C00E7AAA8 /* CDataScanner_Extensions.h */,
				545AC18813A9128C00E7AAA8 /* CDataScanner_Extensions.m */,
				545AC18913A9128C00E7AAA8 /* NSDictionary_JSONExtensions.h */,
				545AC18A13A9128C00E7AAA8 /* NSDictionary_JSONExtensions.m */,
			);
			path = Extensions;
			sourceTree = "<group>";
		};
		54F6B0CA13A8E96C001F9F0B = {
			isa = PBXGroup;
			children = (
				5497E0DF13B06A0000A4CA2C /* logo-BIG.png */,
				54F2328013B046E4005B07B9 /* logo-SMALL.png */,
				5420E7EB13ACEEB700B67BDE /* iAd.framework */,
				54F6B0DF13A8E96C001F9F0B /* LeoApp */,
				54F6B0FF13A8E96D001F9F0B /* LeoAppTests */,
				54F6B0D813A8E96C001F9F0B /* Frameworks */,
				54F6B0D613A8E96C001F9F0B /* Products */,
			);
			sourceTree = "<group>";
		};
		54F6B0D613A8E96C001F9F0B /* Products */ = {
			isa = PBXGroup;
			children = (
				54F6B0F913A8E96D001F9F0B /* LeoAppTests.octest */,
				54582B0713BB321C00F5A93F /* LeoApp.app */,
			);
			name = Products;
			sourceTree = "<group>";
		};
		54F6B0D813A8E96C001F9F0B /* Frameworks */ = {
			isa = PBXGroup;
			children = (
				54F6B15113A8FF5B001F9F0B /* MobileCoreServices.framework */,
				54F6B14D13A8FB66001F9F0B /* SystemConfiguration.framework */,
				54F6B14B13A8FB47001F9F0B /* CFNetwork.framework */,
				54F6B0D913A8E96C001F9F0B /* UIKit.framework */,
				54F6B0DB13A8E96C001F9F0B /* Foundation.framework */,
				54F6B0DD13A8E96C001F9F0B /* CoreGraphics.framework */,
			);
			name = Frameworks;
			sourceTree = "<group>";
		};
		54F6B0DF13A8E96C001F9F0B /* LeoApp */ = {
			isa = PBXGroup;
			children = (
				545AC18313A9127E00E7AAA8 /* CDataScanner.h */,
				545AC18413A9127E00E7AAA8 /* CDataScanner.m */,
				545AC18613A9128C00E7AAA8 /* Extensions */,
				545AC17713A911AE00E7AAA8 /* JSON */,
				54F6B14313A8F49D001F9F0B /* External */,
				54F6B11213A8E99F001F9F0B /* Classes */,
				54F6B0E813A8E96D001F9F0B /* LeoAppAppDelegate.h */,
				54F6B0E913A8E96D001F9F0B /* LeoAppAppDelegate.m */,
				54F6B0EB13A8E96D001F9F0B /* MainWindow.xib */,
				5438FCBB13ACD75800429111 /* UtTestController.h */,
				5438FCBC13ACD75800429111 /* UtTestController.m */,
				5438FCBD13ACD75800429111 /* UtTest.xib */,
				54F6B0EE13A8E96D001F9F0B /* DailyGradeController.h */,
				54F6B0EF13A8E96D001F9F0B /* DailyGradeController.m */,
				54F6B0F113A8E96D001F9F0B /* DailyGrade.xib */,
				5420E7E613ACDB8C00B67BDE /* userSettingsController.h */,
				5420E7E713ACDB8D00B67BDE /* userSettingsController.m */,
				5420E7E813ACDB8D00B67BDE /* userSettings.xib */,
				54F6B0E013A8E96C001F9F0B /* Supporting Files */,
			);
			path = LeoApp;
			sourceTree = "<group>";
		};
		54F6B0E013A8E96C001F9F0B /* Supporting Files */ = {
			isa = PBXGroup;
			children = (
				54F6B14F13A8FB8E001F9F0B /* libz.1.2.3.dylib */,
				54F6B0E113A8E96C001F9F0B /* LeoApp-Info.plist */,
				54F6B0E213A8E96C001F9F0B /* InfoPlist.strings */,
				54F6B0E513A8E96C001F9F0B /* LeoApp-Prefix.pch */,
				54F6B0E613A8E96C001F9F0B /* main.m */,
			);
			name = "Supporting Files";
			sourceTree = "<group>";
		};
		54F6B0FF13A8E96D001F9F0B /* LeoAppTests */ = {
			isa = PBXGroup;
			children = (
				54F6B10613A8E96D001F9F0B /* LeoAppTests.h */,
				54F6B10813A8E96D001F9F0B /* LeoAppTests.m */,
				54F6B10013A8E96D001F9F0B /* Supporting Files */,
			);
			path = LeoAppTests;
			sourceTree = "<group>";
		};
		54F6B10013A8E96D001F9F0B /* Supporting Files */ = {
			isa = PBXGroup;
			children = (
				54F6B10113A8E96D001F9F0B /* LeoAppTests-Info.plist */,
				54F6B10213A8E96D001F9F0B /* InfoPlist.strings */,
				54F6B10513A8E96D001F9F0B /* LeoAppTests-Prefix.pch */,
			);
			name = "Supporting Files";
			sourceTree = "<group>";
		};
		54F6B11213A8E99F001F9F0B /* Classes */ = {
			isa = PBXGroup;
			children = (
				54F6B12713A8F40C001F9F0B /* ASIAuthenticationDialog.h */,
				54F6B12813A8F40C001F9F0B /* ASIAuthenticationDialog.m */,
				54F6B12913A8F40C001F9F0B /* ASICacheDelegate.h */,
				54F6B13013A8F40C001F9F0B /* ASIFormDataRequest.h */,
				54F6B13113A8F40C001F9F0B /* ASIFormDataRequest.m */,
				54F6B13213A8F40C001F9F0B /* ASIHTTPRequest.h */,
				54F6B13313A8F40C001F9F0B /* ASIHTTPRequest.m */,
				54F6B13413A8F40C001F9F0B /* ASIHTTPRequestConfig.h */,
				54F6B13513A8F40C001F9F0B /* ASIHTTPRequestDelegate.h */,
				54C6755813B3834F00AF0BB4 /* ASIDataCompressor.h */,
				54C6755913B3835000AF0BB4 /* ASIDataCompressor.m */,
				54C6755A13B3835000AF0BB4 /* ASIDataDecompressor.h */,
				54C6755B13B3835000AF0BB4 /* ASIDataDecompressor.m */,
				54C6755C13B3835000AF0BB4 /* ASIDownloadCache.h */,
				54C6755D13B3835000AF0BB4 /* ASIDownloadCache.m */,
				54F6B13613A8F40C001F9F0B /* ASIInputStream.h */,
				54F6B13713A8F40C001F9F0B /* ASIInputStream.m */,
				54F6B13813A8F40C001F9F0B /* ASINetworkQueue.h */,
				54F6B13913A8F40C001F9F0B /* ASINetworkQueue.m */,
				54F6B13A13A8F40C001F9F0B /* ASIProgressDelegate.h */,
			);
			name = Classes;
			sourceTree = "<group>";
		};
		54F6B14313A8F49D001F9F0B /* External */ = {
			isa = PBXGroup;
			children = (
				54F6B14413A8F49D001F9F0B /* GHUnit */,
				54F6B14613A8F49D001F9F0B /* Reachability */,
			);
			path = External;
			sourceTree = "<group>";
		};
		54F6B14413A8F49D001F9F0B /* GHUnit */ = {
			isa = PBXGroup;
			children = (
				54F6B14513A8F49D001F9F0B /* README-GHUnit */,
			);
			path = GHUnit;
			sourceTree = "<group>";
		};
		54F6B14613A8F49D001F9F0B /* Reachability */ = {
			isa = PBXGroup;
			children = (
				54F6B14713A8F49D001F9F0B /* Reachability.h */,
				54F6B14813A8F49D001F9F0B /* Reachability.m */,
			);
			path = Reachability;
			sourceTree = "<group>";
		};
/* End PBXGroup section */

/* Begin PBXNativeTarget section */
		54F6B0D413A8E96C001F9F0B /* LeoApp */ = {
			isa = PBXNativeTarget;
			buildConfigurationList = 54F6B10C13A8E96D001F9F0B /* Build configuration list for PBXNativeTarget "LeoApp" */;
			buildPhases = (
				54F6B0D113A8E96C001F9F0B /* Sources */,
				54F6B0D213A8E96C001F9F0B /* Frameworks */,
				54F6B0D313A8E96C001F9F0B /* Resources */,
			);
			buildRules = (
			);
			dependencies = (
			);
			name = LeoApp;
			productName = LeoApp;
			productReference = 54582B0713BB321C00F5A93F /* LeoApp.app */;
			productType = "com.apple.product-type.application";
		};
		54F6B0F813A8E96D001F9F0B /* LeoAppTests */ = {
			isa = PBXNativeTarget;
			buildConfigurationList = 54F6B10F13A8E96D001F9F0B /* Build configuration list for PBXNativeTarget "LeoAppTests" */;
			buildPhases = (
				54F6B0F413A8E96D001F9F0B /* Sources */,
				54F6B0F513A8E96D001F9F0B /* Frameworks */,
				54F6B0F613A8E96D001F9F0B /* Resources */,
				54F6B0F713A8E96D001F9F0B /* ShellScript */,
			);
			buildRules = (
			);
			dependencies = (
				54F6B0FE13A8E96D001F9F0B /* PBXTargetDependency */,
			);
			name = LeoAppTests;
			productName = LeoAppTests;
			productReference = 54F6B0F913A8E96D001F9F0B /* LeoAppTests.octest */;
			productType = "com.apple.product-type.bundle";
		};
/* End PBXNativeTarget section */

/* Begin PBXProject section */
		54F6B0CC13A8E96C001F9F0B /* Project object */ = {
			isa = PBXProject;
			attributes = {
				ORGANIZATIONNAME = "Republic Polytechnic";
			};
			buildConfigurationList = 54F6B0CF13A8E96C001F9F0B /* Build configuration list for PBXProject "LeoApp" */;
			compatibilityVersion = "Xcode 3.2";
			developmentRegion = English;
			hasScannedForEncodings = 0;
			knownRegions = (
				en,
			);
			mainGroup = 54F6B0CA13A8E96C001F9F0B;
			productRefGroup = 54F6B0D613A8E96C001F9F0B /* Products */;
			projectDirPath = "";
			projectRoot = "";
			targets = (
				54F6B0D413A8E96C001F9F0B /* LeoApp */,
				54F6B0F813A8E96D001F9F0B /* LeoAppTests */,
			);
		};
/* End PBXProject section */

/* Begin PBXResourcesBuildPhase section */
		54F6B0D313A8E96C001F9F0B /* Resources */ = {
			isa = PBXResourcesBuildPhase;
			buildActionMask = 2147483647;
			files = (
				54F6B0E413A8E96C001F9F0B /* InfoPlist.strings in Resources */,
				54F6B0ED13A8E96D001F9F0B /* MainWindow.xib in Resources */,
				54F6B0F313A8E96D001F9F0B /* DailyGrade.xib in Resources */,
				54F6B14913A8F49D001F9F0B /* README-GHUnit in Resources */,
				5438FCBF13ACD75800429111 /* UtTest.xib in Resources */,
				5420E7EA13ACDB8D00B67BDE /* userSettings.xib in Resources */,
				54F2328113B046E4005B07B9 /* logo-SMALL.png in Resources */,
				5497E0E013B06A0000A4CA2C /* logo-BIG.png in Resources */,
			);
			runOnlyForDeploymentPostprocessing = 0;
		};
		54F6B0F613A8E96D001F9F0B /* Resources */ = {
			isa = PBXResourcesBuildPhase;
			buildActionMask = 2147483647;
			files = (
				54F6B10413A8E96D001F9F0B /* InfoPlist.strings in Resources */,
				54F6B10713A8E96D001F9F0B /* LeoAppTests.h in Resources */,
			);
			runOnlyForDeploymentPostprocessing = 0;
		};
/* End PBXResourcesBuildPhase section */

/* Begin PBXShellScriptBuildPhase section */
		54F6B0F713A8E96D001F9F0B /* ShellScript */ = {
			isa = PBXShellScriptBuildPhase;
			buildActionMask = 2147483647;
			files = (
			);
			inputPaths = (
			);
			outputPaths = (
			);
			runOnlyForDeploymentPostprocessing = 0;
			shellPath = /bin/sh;
			shellScript = "# Run the unit tests in this test bundle.\n\"${SYSTEM_DEVELOPER_DIR}/Tools/RunUnitTests\"\n";
		};
/* End PBXShellScriptBuildPhase section */

/* Begin PBXSourcesBuildPhase section */
		54F6B0D113A8E96C001F9F0B /* Sources */ = {
			isa = PBXSourcesBuildPhase;
			buildActionMask = 2147483647;
			files = (
				54F6B0E713A8E96C001F9F0B /* main.m in Sources */,
				54F6B0EA13A8E96D001F9F0B /* LeoAppAppDelegate.m in Sources */,
				54F6B0F013A8E96D001F9F0B /* DailyGradeController.m in Sources */,
				54F6B13B13A8F40C001F9F0B /* ASIAuthenticationDialog.m in Sources */,
				54F6B13F13A8F40C001F9F0B /* ASIFormDataRequest.m in Sources */,
				54F6B14013A8F40C001F9F0B /* ASIHTTPRequest.m in Sources */,
				54F6B14113A8F40C001F9F0B /* ASIInputStream.m in Sources */,
				54F6B14213A8F40C001F9F0B /* ASINetworkQueue.m in Sources */,
				54F6B14A13A8F49D001F9F0B /* Reachability.m in Sources */,
				545AC17F13A911AE00E7AAA8 /* CJSONDeserializer.m in Sources */,
				545AC18013A911AE00E7AAA8 /* CJSONScanner.m in Sources */,
				545AC18113A911AE00E7AAA8 /* CJSONSerializer.m in Sources */,
				545AC18513A9127E00E7AAA8 /* CDataScanner.m in Sources */,
				545AC18B13A9128C00E7AAA8 /* CDataScanner_Extensions.m in Sources */,
				545AC18C13A9128C00E7AAA8 /* NSDictionary_JSONExtensions.m in Sources */,
				5438FCBE13ACD75800429111 /* UtTestController.m in Sources */,
				5420E7E913ACDB8D00B67BDE /* userSettingsController.m in Sources */,
				54C6755E13B3835000AF0BB4 /* ASIDataCompressor.m in Sources */,
				54C6755F13B3835000AF0BB4 /* ASIDataDecompressor.m in Sources */,
				54C6756013B3835000AF0BB4 /* ASIDownloadCache.m in Sources */,
			);
			runOnlyForDeploymentPostprocessing = 0;
		};
		54F6B0F413A8E96D001F9F0B /* Sources */ = {
			isa = PBXSourcesBuildPhase;
			buildActionMask = 2147483647;
			files = (
				54F6B10913A8E96D001F9F0B /* LeoAppTests.m in Sources */,
			);
			runOnlyForDeploymentPostprocessing = 0;
		};
/* End PBXSourcesBuildPhase section */

/* Begin PBXTargetDependency section */
		54F6B0FE13A8E96D001F9F0B /* PBXTargetDependency */ = {
			isa = PBXTargetDependency;
			target = 54F6B0D413A8E96C001F9F0B /* LeoApp */;
			targetProxy = 54F6B0FD13A8E96D001F9F0B /* PBXContainerItemProxy */;
		};
/* End PBXTargetDependency section */

/* Begin PBXVariantGroup section */
		54F6B0E213A8E96C001F9F0B /* InfoPlist.strings */ = {
			isa = PBXVariantGroup;
			children = (
				54F6B0E313A8E96C001F9F0B /* en */,
			);
			name = InfoPlist.strings;
			sourceTree = "<group>";
		};
		54F6B0EB13A8E96D001F9F0B /* MainWindow.xib */ = {
			isa = PBXVariantGroup;
			children = (
				54F6B0EC13A8E96D001F9F0B /* en */,
			);
			name = MainWindow.xib;
			sourceTree = "<group>";
		};
		54F6B0F113A8E96D001F9F0B /* DailyGrade.xib */ = {
			isa = PBXVariantGroup;
			children = (
				54F6B0F213A8E96D001F9F0B /* en */,
			);
			name = DailyGrade.xib;
			sourceTree = "<group>";
		};
		54F6B10213A8E96D001F9F0B /* InfoPlist.strings */ = {
			isa = PBXVariantGroup;
			children = (
				54F6B10313A8E96D001F9F0B /* en */,
			);
			name = InfoPlist.strings;
			sourceTree = "<group>";
		};
/* End PBXVariantGroup section */

/* Begin XCBuildConfiguration section */
		54582B2913BB33C700F5A93F /* Distribution */ = {
			isa = XCBuildConfiguration;
			buildSettings = {
				ARCHS = "$(ARCHS_STANDARD_32_BIT)";
				CODE_SIGN_IDENTITY = "iPhone Distribution";
				"CODE_SIGN_IDENTITY[sdk=iphoneos*]" = "iPhone Distribution";
				GCC_C_LANGUAGE_STANDARD = gnu99;
				GCC_VERSION = com.apple.compilers.llvmgcc42;
				GCC_WARN_ABOUT_RETURN_TYPE = YES;
				GCC_WARN_UNUSED_VARIABLE = YES;
				IPHONEOS_DEPLOYMENT_TARGET = 4.2;
				OTHER_CFLAGS = "-DNS_BLOCK_ASSERTIONS=1";
				PROVISIONING_PROFILE = "";
				"PROVISIONING_PROFILE[sdk=iphoneos*]" = "";
				SDKROOT = iphoneos;
			};
			name = Distribution;
		};
		54582B2A13BB33C700F5A93F /* Distribution */ = {
			isa = XCBuildConfiguration;
			buildSettings = {
				ALWAYS_SEARCH_USER_PATHS = NO;
				CODE_SIGN_IDENTITY = "iPhone Distribution";
				COPY_PHASE_STRIP = NO;
				GCC_PRECOMPILE_PREFIX_HEADER = YES;
				GCC_PREFIX_HEADER = "LeoApp/LeoApp-Prefix.pch";
				INFOPLIST_FILE = "LeoApp/LeoApp-Info.plist";
				IPHONEOS_DEPLOYMENT_TARGET = 4.2;
				PRODUCT_NAME = "$(TARGET_NAME)";
				PROVISIONING_PROFILE = "";
				VALIDATE_PRODUCT = YES;
				WRAPPER_EXTENSION = app;
			};
			name = Distribution;
		};
		54582B2B13BB33C700F5A93F /* Distribution */ = {
			isa = XCBuildConfiguration;
			buildSettings = {
				ALWAYS_SEARCH_USER_PATHS = NO;
				BUNDLE_LOADER = "$(BUILT_PRODUCTS_DIR)/LeoApp.app/LeoApp";
				FRAMEWORK_SEARCH_PATHS = (
					"$(SDKROOT)/Developer/Library/Frameworks",
					"$(DEVELOPER_LIBRARY_DIR)/Frameworks",
				);
				GCC_PRECOMPILE_PREFIX_HEADER = YES;
				GCC_PREFIX_HEADER = "LeoAppTests/LeoAppTests-Prefix.pch";
				INFOPLIST_FILE = "LeoAppTests/LeoAppTests-Info.plist";
				OTHER_LDFLAGS = (
					"-framework",
					SenTestingKit,
				);
				PRODUCT_NAME = "$(TARGET_NAME)";
				TEST_HOST = "$(BUNDLE_LOADER)";
				WRAPPER_EXTENSION = octest;
			};
			name = Distribution;
		};
		54F6B10A13A8E96D001F9F0B /* Debug */ = {
			isa = XCBuildConfiguration;
			buildSettings = {
				ARCHS = "$(ARCHS_STANDARD_32_BIT)";
				CODE_SIGN_IDENTITY = "iPhone Distribution";
				"CODE_SIGN_IDENTITY[sdk=iphoneos*]" = "iPhone Distribution: David Tjokroaminoto";
				GCC_C_LANGUAGE_STANDARD = gnu99;
				GCC_OPTIMIZATION_LEVEL = 0;
				GCC_PREPROCESSOR_DEFINITIONS = DEBUG;
				GCC_SYMBOLS_PRIVATE_EXTERN = NO;
				GCC_VERSION = com.apple.compilers.llvmgcc42;
				GCC_WARN_ABOUT_RETURN_TYPE = YES;
				GCC_WARN_UNUSED_VARIABLE = YES;
				IPHONEOS_DEPLOYMENT_TARGET = 4.2;
				PROVISIONING_PROFILE = "";
				"PROVISIONING_PROFILE[sdk=iphoneos*]" = "2F736689-97E7-4B4B-A793-E145E4988491";
				SDKROOT = iphoneos;
			};
			name = Debug;
		};
		54F6B10B13A8E96D001F9F0B /* Release */ = {
			isa = XCBuildConfiguration;
			buildSettings = {
				ARCHS = "$(ARCHS_STANDARD_32_BIT)";
				CODE_SIGN_IDENTITY = "iPhone Distribution";
				"CODE_SIGN_IDENTITY[sdk=iphoneos*]" = "iPhone Distribution";
				GCC_C_LANGUAGE_STANDARD = gnu99;
				GCC_VERSION = com.apple.compilers.llvmgcc42;
				GCC_WARN_ABOUT_RETURN_TYPE = YES;
				GCC_WARN_UNUSED_VARIABLE = YES;
				IPHONEOS_DEPLOYMENT_TARGET = 4.2;
				OTHER_CFLAGS = "-DNS_BLOCK_ASSERTIONS=1";
				PROVISIONING_PROFILE = "";
				"PROVISIONING_PROFILE[sdk=iphoneos*]" = "";
				SDKROOT = iphoneos;
			};
			name = Release;
		};
		54F6B10D13A8E96D001F9F0B /* Debug */ = {
			isa = XCBuildConfiguration;
			buildSettings = {
				ALWAYS_SEARCH_USER_PATHS = NO;
				CODE_SIGN_IDENTITY = "iPhone Distribution";
				COPY_PHASE_STRIP = YES;
				GCC_DYNAMIC_NO_PIC = NO;
				GCC_PRECOMPILE_PREFIX_HEADER = YES;
				GCC_PREFIX_HEADER = "LeoApp/LeoApp-Prefix.pch";
				INFOPLIST_FILE = "LeoApp/LeoApp-Info.plist";
				IPHONEOS_DEPLOYMENT_TARGET = 4.2;
				PRODUCT_NAME = "$(TARGET_NAME)";
				PROVISIONING_PROFILE = "";
				VALIDATE_PRODUCT = YES;
				WRAPPER_EXTENSION = app;
			};
			name = Debug;
		};
		54F6B10E13A8E96D001F9F0B /* Release */ = {
			isa = XCBuildConfiguration;
			buildSettings = {
				ALWAYS_SEARCH_USER_PATHS = NO;
				CODE_SIGN_IDENTITY = "iPhone Distribution";
				COPY_PHASE_STRIP = NO;
				GCC_PRECOMPILE_PREFIX_HEADER = YES;
				GCC_PREFIX_HEADER = "LeoApp/LeoApp-Prefix.pch";
				INFOPLIST_FILE = "LeoApp/LeoApp-Info.plist";
				IPHONEOS_DEPLOYMENT_TARGET = 4.2;
				PRODUCT_NAME = "$(TARGET_NAME)";
				PROVISIONING_PROFILE = "";
				VALIDATE_PRODUCT = YES;
				WRAPPER_EXTENSION = app;
			};
			name = Release;
		};
		54F6B11013A8E96D001F9F0B /* Debug */ = {
			isa = XCBuildConfiguration;
			buildSettings = {
				ALWAYS_SEARCH_USER_PATHS = NO;
				BUNDLE_LOADER = "$(BUILT_PRODUCTS_DIR)/LeoApp.app/LeoApp";
				FRAMEWORK_SEARCH_PATHS = (
					"$(SDKROOT)/Developer/Library/Frameworks",
					"$(DEVELOPER_LIBRARY_DIR)/Frameworks",
				);
				GCC_PRECOMPILE_PREFIX_HEADER = YES;
				GCC_PREFIX_HEADER = "LeoAppTests/LeoAppTests-Prefix.pch";
				INFOPLIST_FILE = "LeoAppTests/LeoAppTests-Info.plist";
				OTHER_LDFLAGS = (
					"-framework",
					SenTestingKit,
				);
				PRODUCT_NAME = "$(TARGET_NAME)";
				TEST_HOST = "$(BUNDLE_LOADER)";
				WRAPPER_EXTENSION = octest;
			};
			name = Debug;
		};
		54F6B11113A8E96D001F9F0B /* Release */ = {
			isa = XCBuildConfiguration;
			buildSettings = {
				ALWAYS_SEARCH_USER_PATHS = NO;
				BUNDLE_LOADER = "$(BUILT_PRODUCTS_DIR)/LeoApp.app/LeoApp";
				FRAMEWORK_SEARCH_PATHS = (
					"$(SDKROOT)/Developer/Library/Frameworks",
					"$(DEVELOPER_LIBRARY_DIR)/Frameworks",
				);
				GCC_PRECOMPILE_PREFIX_HEADER = YES;
				GCC_PREFIX_HEADER = "LeoAppTests/LeoAppTests-Prefix.pch";
				INFOPLIST_FILE = "LeoAppTests/LeoAppTests-Info.plist";
				OTHER_LDFLAGS = (
					"-framework",
					SenTestingKit,
				);
				PRODUCT_NAME = "$(TARGET_NAME)";
				TEST_HOST = "$(BUNDLE_LOADER)";
				WRAPPER_EXTENSION = octest;
			};
			name = Release;
		};
/* End XCBuildConfiguration section */

/* Begin XCConfigurationList section */
		54F6B0CF13A8E96C001F9F0B /* Build configuration list for PBXProject "LeoApp" */ = {
			isa = XCConfigurationList;
			buildConfigurations = (
				54F6B10A13A8E96D001F9F0B /* Debug */,
				54F6B10B13A8E96D001F9F0B /* Release */,
				54582B2913BB33C700F5A93F /* Distribution */,
			);
			defaultConfigurationIsVisible = 0;
			defaultConfigurationName = Release;
		};
		54F6B10C13A8E96D001F9F0B /* Build configuration list for PBXNativeTarget "LeoApp" */ = {
			isa = XCConfigurationList;
			buildConfigurations = (
				54F6B10D13A8E96D001F9F0B /* Debug */,
				54F6B10E13A8E96D001F9F0B /* Release */,
				54582B2A13BB33C700F5A93F /* Distribution */,
			);
			defaultConfigurationIsVisible = 0;
			defaultConfigurationName = Release;
		};
		54F6B10F13A8E96D001F9F0B /* Build configuration list for PBXNativeTarget "LeoAppTests" */ = {
			isa = XCConfigurationList;
			buildConfigurations = (
				54F6B11013A8E96D001F9F0B /* Debug */,
				54F6B11113A8E96D001F9F0B /* Release */,
				54582B2B13BB33C700F5A93F /* Distribution */,
			);
			defaultConfigurationIsVisible = 0;
			defaultConfigurationName = Release;
		};
/* End XCConfigurationList section */
	};
	rootObject = 54F6B0CC13A8E96C001F9F0B /* Project object */;
}
